
Microsoft Visual Studio Solution File, Format Version 12.00
# Visual Studio 15
Project("{FAE04EC0-301F-11D3-BF4B-00C04F79EFBC}") = "Assembly-CSharp", "Assembly-CSharp.csproj", "{0C75408B-B6EC-94F8-C3D9-51A83CB874CD}"
EndProject
Project("{FAE04EC0-301F-11D3-BF4B-00C04F79EFBC}") = "Assembly-CSharp-Editor", "Assembly-CSharp-Editor.csproj", "{48AAF927-6E63-91E1-8C67-6E0F16E202ED}"
EndProject
Global
	GlobalSection(SolutionConfigurationPlatforms) = preSolution
		Debug|Any CPU = Debug|Any CPU
		Release|Any CPU = Release|Any CPU
	EndGlobalSection
	GlobalSection(ProjectConfigurationPlatforms) = postSolution
		{0C75408B-B6EC-94F8-C3D9-51A83CB874CD}.Debug|Any CPU.ActiveCfg = Debug|Any CPU
		{0C75408B-B6EC-94F8-C3D9-51A83CB874CD}.Debug|Any CPU.Build.0 = Debug|Any CPU
		{0C75408B-B6EC-94F8-C3D9-51A83CB874CD}.Release|Any CPU.ActiveCfg = Release|Any CPU
		{0C75408B-B6EC-94F8-C3D9-51A83CB874CD}.Release|Any CPU.Build.0 = Release|Any CPU
		{48AAF927-6E63-91E1-8C67-6E0F16E202ED}.Debug|Any CPU.ActiveCfg = Debug|Any CPU
		{48AAF927-6E63-91E1-8C67-6E0F16E202ED}.Debug|Any CPU.Build.0 = Debug|Any CPU
		{48AAF927-6E63-91E1-8C67-6E0F16E202ED}.Release|Any CPU.ActiveCfg = Release|Any CPU
		{48AAF927-6E63-91E1-8C67-6E0F16E202ED}.Release|Any CPU.Build.0 = Release|Any CPU
	EndGlobalSection
	GlobalSection(SolutionProperties) = preSolution
		HideSolutionNode = FALSE
	EndGlobalSection
EndGlobal
